// !$*UTF8*$!
{
	archiveVersion = 1;
	classes = {
	};
	objectVersion = 50;
	objects = {

/* Begin PBXBuildFile section */
		B727087B21DE9E3000515BE9 /* AppDelegate.swift in Sources */ = {isa = PBXBuildFile; fileRef = B727087A21DE9E3000515BE9 /* AppDelegate.swift */; };
		B727087D21DE9E3000515BE9 /* ViewController.swift in Sources */ = {isa = PBXBuildFile; fileRef = B727087C21DE9E3000515BE9 /* ViewController.swift */; };
		B727088021DE9E3000515BE9 /* Main.storyboard in Resources */ = {isa = PBXBuildFile; fileRef = B727087E21DE9E3000515BE9 /* Main.storyboard */; };
		B727088221DE9E3200515BE9 /* Assets.xcassets in Resources */ = {isa = PBXBuildFile; fileRef = B727088121DE9E3200515BE9 /* Assets.xcassets */; };
		B727088521DE9E3200515BE9 /* LaunchScreen.storyboard in Resources */ = {isa = PBXBuildFile; fileRef = B727088321DE9E3200515BE9 /* LaunchScreen.storyboard */; };
		B727089021DE9E3200515BE9 /* AutoLayoutCalcTests.swift in Sources */ = {isa = PBXBuildFile; fileRef = B727088F21DE9E3200515BE9 /* AutoLayoutCalcTests.swift */; };
		B727089B21DE9E3200515BE9 /* AutoLayoutCalcUITests.swift in Sources */ = {isa = PBXBuildFile; fileRef = B727089A21DE9E3200515BE9 /* AutoLayoutCalcUITests.swift */; };
/* End PBXBuildFile section */

/* Begin PBXContainerItemProxy section */
		B727088C21DE9E3200515BE9 /* PBXContainerItemProxy */ = {
			isa = PBXContainerItemProxy;
			containerPortal = B727086F21DE9E3000515BE9 /* Project object */;
			proxyType = 1;
			remoteGlobalIDString = B727087621DE9E3000515BE9;
			remoteInfo = AutoLayoutCalc;
		};
		B727089721DE9E3200515BE9 /* PBXContainerItemProxy */ = {
			isa = PBXContainerItemProxy;
			containerPortal = B727086F21DE9E3000515BE9 /* Project object */;
			proxyType = 1;
			remoteGlobalIDString = B727087621DE9E3000515BE9;
			remoteInfo = AutoLayoutCalc;
		};
/* End PBXContainerItemProxy section */

/* Begin PBXFileReference section */
		B727087721DE9E3000515BE9 /* AutoLayoutCalc.app */ = {isa = PBXFileReference; explicitFileType = wrapper.application; includeInIndex = 0; path = AutoLayoutCalc.app; sourceTree = BUILT_PRODUCTS_DIR; };
		B727087A21DE9E3000515BE9 /* AppDelegate.swift */ = {isa = PBXFileReference; lastKnownFileType = sourcecode.swift; path = AppDelegate.swift; sourceTree = "<group>"; };
		B727087C21DE9E3000515BE9 /* ViewController.swift */ = {isa = PBXFileReference; lastKnownFileType = sourcecode.swift; path = ViewController.swift; sourceTree = "<group>"; };
		B727087F21DE9E3000515BE9 /* Base */ = {isa = PBXFileReference; lastKnownFileType = file.storyboard; name = Base; path = Base.lproj/Main.storyboard; sourceTree = "<group>"; };
		B727088121DE9E3200515BE9 /* Assets.xcassets */ = {isa = PBXFileReference; lastKnownFileType = folder.assetcatalog; path = Assets.xcassets; sourceTree = "<group>"; };
		B727088421DE9E3200515BE9 /* Base */ = {isa = PBXFileReference; lastKnownFileType = file.storyboard; name = Base; path = Base.lproj/LaunchScreen.storyboard; sourceTree = "<group>"; };
		B727088621DE9E3200515BE9 /* Info.plist */ = {isa = PBXFileReference; lastKnownFileType = text.plist.xml; path = Info.plist; sourceTree = "<group>"; };
		B727088B21DE9E3200515BE9 /* AutoLayoutCalcTests.xctest */ = {isa = PBXFileReference; explicitFileType = wrapper.cfbundle; includeInIndex = 0; path = AutoLayoutCalcTests.xctest; sourceTree = BUILT_PRODUCTS_DIR; };
		B727088F21DE9E3200515BE9 /* AutoLayoutCalcTests.swift */ = {isa = PBXFileReference; lastKnownFileType = sourcecode.swift; path = AutoLayoutCalcTests.swift; sourceTree = "<group>"; };
		B727089121DE9E3200515BE9 /* Info.plist */ = {isa = PBXFileReference; lastKnownFileType = text.plist.xml; path = Info.plist; sourceTree = "<group>"; };
		B727089621DE9E3200515BE9 /* AutoLayoutCalcUITests.xctest */ = {isa = PBXFileReference; explicitFileType = wrapper.cfbundle; includeInIndex = 0; path = AutoLayoutCalcUITests.xctest; sourceTree = BUILT_PRODUCTS_DIR; };
		B727089A21DE9E3200515BE9 /* AutoLayoutCalcUITests.swift */ = {isa = PBXFileReference; lastKnownFileType = sourcecode.swift; path = AutoLayoutCalcUITests.swift; sourceTree = "<group>"; };
		B727089C21DE9E3200515BE9 /* Info.plist */ = {isa = PBXFileReference; lastKnownFileType = text.plist.xml; path = Info.plist; sourceTree = "<group>"; };
/* End PBXFileReference section */

/* Begin PBXFrameworksBuildPhase section */
		B727087421DE9E3000515BE9 /* Frameworks */ = {
			isa = PBXFrameworksBuildPhase;
			buildActionMask = 2147483647;
			files = (
			);
			runOnlyForDeploymentPostprocessing = 0;
		};
		B727088821DE9E3200515BE9 /* Frameworks */ = {
			isa = PBXFrameworksBuildPhase;
			buildActionMask = 2147483647;
			files = (
			);
			runOnlyForDeploymentPostprocessing = 0;
		};
		B727089321DE9E3200515BE9 /* Frameworks */ = {
			isa = PBXFrameworksBuildPhase;
			buildActionMask = 2147483647;
			files = (
			);
			runOnlyForDeploymentPostprocessing = 0;
		};
/* End PBXFrameworksBuildPhase section */

/* Begin PBXGroup section */
		B727086E21DE9E3000515BE9 = {
			isa = PBXGroup;
			children = (
				B727087921DE9E3000515BE9 /* AutoLayoutCalc */,
				B727088E21DE9E3200515BE9 /* AutoLayoutCalcTests */,
				B727089921DE9E3200515BE9 /* AutoLayoutCalcUITests */,
				B727087821DE9E3000515BE9 /* Products */,
			);
			sourceTree = "<group>";
		};
		B727087821DE9E3000515BE9 /* Products */ = {
			isa = PBXGroup;
			children = (
				B727087721DE9E3000515BE9 /* AutoLayoutCalc.app */,
				B727088B21DE9E3200515BE9 /* AutoLayoutCalcTests.xctest */,
				B727089621DE9E3200515BE9 /* AutoLayoutCalcUITests.xctest */,
			);
			name = Products;
			sourceTree = "<group>";
		};
		B727087921DE9E3000515BE9 /* AutoLayoutCalc */ = {
			isa = PBXGroup;
			children = (
				B727087A21DE9E3000515BE9 /* AppDelegate.swift */,
				B727087C21DE9E3000515BE9 /* ViewController.swift */,
				B727087E21DE9E3000515BE9 /* Main.storyboard */,
				B727088121DE9E3200515BE9 /* Assets.xcassets */,
				B727088321DE9E3200515BE9 /* LaunchScreen.storyboard */,
				B727088621DE9E3200515BE9 /* Info.plist */,
			);
			path = AutoLayoutCalc;
			sourceTree = "<group>";
		};
		B727088E21DE9E3200515BE9 /* AutoLayoutCalcTests */ = {
			isa = PBXGroup;
			children = (
				B727088F21DE9E3200515BE9 /* AutoLayoutCalcTests.swift */,
				B727089121DE9E3200515BE9 /* Info.plist */,
			);
			path = AutoLayoutCalcTests;
			sourceTree = "<group>";
		};
		B727089921DE9E3200515BE9 /* AutoLayoutCalcUITests */ = {
			isa = PBXGroup;
			children = (
				B727089A21DE9E3200515BE9 /* AutoLayoutCalcUITests.swift */,
				B727089C21DE9E3200515BE9 /* Info.plist */,
			);
			path = AutoLayoutCalcUITests;
			sourceTree = "<group>";
		};
/* End PBXGroup section */

/* Begin PBXNativeTarget section */
		B727087621DE9E3000515BE9 /* AutoLayoutCalc */ = {
			isa = PBXNativeTarget;
			buildConfigurationList = B727089F21DE9E3200515BE9 /* Build configuration list for PBXNativeTarget "AutoLayoutCalc" */;
			buildPhases = (
				B727087321DE9E3000515BE9 /* Sources */,
				B727087421DE9E3000515BE9 /* Frameworks */,
				B727087521DE9E3000515BE9 /* Resources */,
			);
			buildRules = (
			);
			dependencies = (
			);
			name = AutoLayoutCalc;
			productName = AutoLayoutCalc;
			productReference = B727087721DE9E3000515BE9 /* AutoLayoutCalc.app */;
			productType = "com.apple.product-type.application";
		};
		B727088A21DE9E3200515BE9 /* AutoLayoutCalcTests */ = {
			isa = PBXNativeTarget;
			buildConfigurationList = B72708A221DE9E3200515BE9 /* Build configuration list for PBXNativeTarget "AutoLayoutCalcTests" */;
			buildPhases = (
				B727088721DE9E3200515BE9 /* Sources */,
				B727088821DE9E3200515BE9 /* Frameworks */,
				B727088921DE9E3200515BE9 /* Resources */,
			);
			buildRules = (
			);
			dependencies = (
				B727088D21DE9E3200515BE9 /* PBXTargetDependency */,
			);
			name = AutoLayoutCalcTests;
			productName = AutoLayoutCalcTests;
			productReference = B727088B21DE9E3200515BE9 /* AutoLayoutCalcTests.xctest */;
			productType = "com.apple.product-type.bundle.unit-test";
		};
		B727089521DE9E3200515BE9 /* AutoLayoutCalcUITests */ = {
			isa = PBXNativeTarget;
			buildConfigurationList = B72708A521DE9E3200515BE9 /* Build configuration list for PBXNativeTarget "AutoLayoutCalcUITests" */;
			buildPhases = (
				B727089221DE9E3200515BE9 /* Sources */,
				B727089321DE9E3200515BE9 /* Frameworks */,
				B727089421DE9E3200515BE9 /* Resources */,
			);
			buildRules = (
			);
			dependencies = (
				B727089821DE9E3200515BE9 /* PBXTargetDependency */,
			);
			name = AutoLayoutCalcUITests;
			productName = AutoLayoutCalcUITests;
			productReference = B727089621DE9E3200515BE9 /* AutoLayoutCalcUITests.xctest */;
			productType = "com.apple.product-type.bundle.ui-testing";
		};
/* End PBXNativeTarget section */

/* Begin PBXProject section */
		B727086F21DE9E3000515BE9 /* Project object */ = {
			isa = PBXProject;
			attributes = {
				LastSwiftUpdateCheck = 1010;
				LastUpgradeCheck = 1010;
				ORGANIZATIONNAME = "Prashant Rathod";
				TargetAttributes = {
					B727087621DE9E3000515BE9 = {
						CreatedOnToolsVersion = 10.1;
					};
					B727088A21DE9E3200515BE9 = {
						CreatedOnToolsVersion = 10.1;
						TestTargetID = B727087621DE9E3000515BE9;
					};
					B727089521DE9E3200515BE9 = {
						CreatedOnToolsVersion = 10.1;
						TestTargetID = B727087621DE9E3000515BE9;
					};
				};
			};
			buildConfigurationList = B727087221DE9E3000515BE9 /* Build configuration list for PBXProject "AutoLayoutCalc" */;
			compatibilityVersion = "Xcode 9.3";
			developmentRegion = en;
			hasScannedForEncodings = 0;
			knownRegions = (
				en,
				Base,
			);
			mainGroup = B727086E21DE9E3000515BE9;
			productRefGroup = B727087821DE9E3000515BE9 /* Products */;
			projectDirPath = "";
			projectRoot = "";
			targets = (
				B727087621DE9E3000515BE9 /* AutoLayoutCalc */,
				B727088A21DE9E3200515BE9 /* AutoLayoutCalcTests */,
				B727089521DE9E3200515BE9 /* AutoLayoutCalcUITests */,
			);
		};
/* End PBXProject section */

/* Begin PBXResourcesBuildPhase section */
		B727087521DE9E3000515BE9 /* Resources */ = {
			isa = PBXResourcesBuildPhase;
			buildActionMask = 2147483647;
			files = (
				B727088521DE9E3200515BE9 /* LaunchScreen.storyboard in Resources */,
				B727088221DE9E3200515BE9 /* Assets.xcassets in Resources */,
				B727088021DE9E3000515BE9 /* Main.storyboard in Resources */,
			);
			runOnlyForDeploymentPostprocessing = 0;
		};
		B727088921DE9E3200515BE9 /* Resources */ = {
			isa = PBXResourcesBuildPhase;
			buildActionMask = 2147483647;
			files = (
			);
			runOnlyForDeploymentPostprocessing = 0;
		};
		B727089421DE9E3200515BE9 /* Resources */ = {
			isa = PBXResourcesBuildPhase;
			buildActionMask = 2147483647;
			files = (
			);
			runOnlyForDeploymentPostprocessing = 0;
		};
/* End PBXResourcesBuildPhase section */

/* Begin PBXSourcesBuildPhase section */
		B727087321DE9E3000515BE9 /* Sources */ = {
			isa = PBXSourcesBuildPhase;
			buildActionMask = 2147483647;
			files = (
				B727087D21DE9E3000515BE9 /* ViewController.swift in Sources */,
				B727087B21DE9E3000515BE9 /* AppDelegate.swift in Sources */,
			);
			runOnlyForDeploymentPostprocessing = 0;
		};
		B727088721DE9E3200515BE9 /* Sources */ = {
			isa = PBXSourcesBuildPhase;
			buildActionMask = 2147483647;
			files = (
				B727089021DE9E3200515BE9 /* AutoLayoutCalcTests.swift in Sources */,
			);
			runOnlyForDeploymentPostprocessing = 0;
		};
		B727089221DE9E3200515BE9 /* Sources */ = {
			isa = PBXSourcesBuildPhase;
			buildActionMask = 2147483647;
			files = (
				B727089B21DE9E3200515BE9 /* AutoLayoutCalcUITests.swift in Sources */,
			);
			runOnlyForDeploymentPostprocessing = 0;
		};
/* End PBXSourcesBuildPhase section */

/* Begin PBXTargetDependency section */
		B727088D21DE9E3200515BE9 /* PBXTargetDependency */ = {
			isa = PBXTargetDependency;
			target = B727087621DE9E3000515BE9 /* AutoLayoutCalc */;
			targetProxy = B727088C21DE9E3200515BE9 /* PBXContainerItemProxy */;
		};
		B727089821DE9E3200515BE9 /* PBXTargetDependency */ = {
			isa = PBXTargetDependency;
			target = B727087621DE9E3000515BE9 /* AutoLayoutCalc */;
			targetProxy = B727089721DE9E3200515BE9 /* PBXContainerItemProxy */;
		};
/* End PBXTargetDependency section */

/* Begin PBXVariantGroup section */
		B727087E21DE9E3000515BE9 /* Main.storyboard */ = {
			isa = PBXVariantGroup;
			children = (
				B727087F21DE9E3000515BE9 /* Base */,
			);
			name = Main.storyboard;
			sourceTree = "<group>";
		};
		B727088321DE9E3200515BE9 /* LaunchScreen.storyboard */ = {
			isa = PBXVariantGroup;
			children = (
				B727088421DE9E3200515BE9 /* Base */,
			);
			name = LaunchScreen.storyboard;
			sourceTree = "<group>";
		};
/* End PBXVariantGroup section */

/* Begin XCBuildConfiguration section */
		B727089D21DE9E3200515BE9 /* Debug */ = {
			isa = XCBuildConfiguration;
			buildSettings = {
				ALWAYS_SEARCH_USER_PATHS = NO;
				CLANG_ANALYZER_NONNULL = YES;
				CLANG_ANALYZER_NUMBER_OBJECT_CONVERSION = YES_AGGRESSIVE;
				CLANG_CXX_LANGUAGE_STANDARD = "gnu++14";
				CLANG_CXX_LIBRARY = "libc++";
				CLANG_ENABLE_MODULES = YES;
				CLANG_ENABLE_OBJC_ARC = YES;
				CLANG_ENABLE_OBJC_WEAK = YES;
				CLANG_WARN_BLOCK_CAPTURE_AUTORELEASING = YES;
				CLANG_WARN_BOOL_CONVERSION = YES;
				CLANG_WARN_COMMA = YES;
				CLANG_WARN_CONSTANT_CONVERSION = YES;
				CLANG_WARN_DEPRECATED_OBJC_IMPLEMENTATIONS = YES;
				CLANG_WARN_DIRECT_OBJC_ISA_USAGE = YES_ERROR;
				CLANG_WARN_DOCUMENTATION_COMMENTS = YES;
				CLANG_WARN_EMPTY_BODY = YES;
				CLANG_WARN_ENUM_CONVERSION = YES;
				CLANG_WARN_INFINITE_RECURSION = YES;
				CLANG_WARN_INT_CONVERSION = YES;
				CLANG_WARN_NON_LITERAL_NULL_CONVERSION = YES;
				CLANG_WARN_OBJC_IMPLICIT_RETAIN_SELF = YES;
				CLANG_WARN_OBJC_LITERAL_CONVERSION = YES;
				CLANG_WARN_OBJC_ROOT_CLASS = YES_ERROR;
				CLANG_WARN_RANGE_LOOP_ANALYSIS = YES;
				CLANG_WARN_STRICT_PROTOTYPES = YES;
				CLANG_WARN_SUSPICIOUS_MOVE = YES;
				CLANG_WARN_UNGUARDED_AVAILABILITY = YES_AGGRESSIVE;
				CLANG_WARN_UNREACHABLE_CODE = YES;
				CLANG_WARN__DUPLICATE_METHOD_MATCH = YES;
				CODE_SIGN_IDENTITY = "iPhone Developer";
				COPY_PHASE_STRIP = NO;
				DEBUG_INFORMATION_FORMAT = dwarf;
				ENABLE_STRICT_OBJC_MSGSEND = YES;
				ENABLE_TESTABILITY = YES;
				GCC_C_LANGUAGE_STANDARD = gnu11;
				GCC_DYNAMIC_NO_PIC = NO;
				GCC_NO_COMMON_BLOCKS = YES;
				GCC_OPTIMIZATION_LEVEL = 0;
				GCC_PREPROCESSOR_DEFINITIONS = (
					"DEBUG=1",
					"$(inherited)",
				);
				GCC_WARN_64_TO_32_BIT_CONVERSION = YES;
				GCC_WARN_ABOUT_RETURN_TYPE = YES_ERROR;
				GCC_WARN_UNDECLARED_SELECTOR = YES;
				GCC_WARN_UNINITIALIZED_AUTOS = YES_AGGRESSIVE;
				GCC_WARN_UNUSED_FUNCTION = YES;
				GCC_WARN_UNUSED_VARIABLE = YES;
				IPHONEOS_DEPLOYMENT_TARGET = 12.1;
				MTL_ENABLE_DEBUG_INFO = INCLUDE_SOURCE;
				MTL_FAST_MATH = YES;
				ONLY_ACTIVE_ARCH = YES;
				SDKROOT = iphoneos;
				SWIFT_ACTIVE_COMPILATION_CONDITIONS = DEBUG;
				SWIFT_OPTIMIZATION_LEVEL = "-Onone";
			};
			name = Debug;
		};
		B727089E21DE9E3200515BE9 /* Release */ = {
			isa = XCBuildConfiguration;
			buildSettings = {
				ALWAYS_SEARCH_USER_PATHS = NO;
				CLANG_ANALYZER_NONNULL = YES;
				CLANG_ANALYZER_NUMBER_OBJECT_CONVERSION = YES_AGGRESSIVE;
				CLANG_CXX_LANGUAGE_STANDARD = "gnu++14";
				CLANG_CXX_LIBRARY = "libc++";
				CLANG_ENABLE_MODULES = YES;
				CLANG_ENABLE_OBJC_ARC = YES;
				CLANG_ENABLE_OBJC_WEAK = YES;
				CLANG_WARN_BLOCK_CAPTURE_AUTORELEASING = YES;
				CLANG_WARN_BOOL_CONVERSION = YES;
				CLANG_WARN_COMMA = YES;
				CLANG_WARN_CONSTANT_CONVERSION = YES;
				CLANG_WARN_DEPRECATED_OBJC_IMPLEMENTATIONS = YES;
				CLANG_WARN_DIRECT_OBJC_ISA_USAGE = YES_ERROR;
				CLANG_WARN_DOCUMENTATION_COMMENTS = YES;
				CLANG_WARN_EMPTY_BODY = YES;
				CLANG_WARN_ENUM_CONVERSION = YES;
				CLANG_WARN_INFINITE_RECURSION = YES;
				CLANG_WARN_INT_CONVERSION = YES;
				CLANG_WARN_NON_LITERAL_NULL_CONVERSION = YES;
				CLANG_WARN_OBJC_IMPLICIT_RETAIN_SELF = YES;
				CLANG_WARN_OBJC_LITERAL_CONVERSION = YES;
				CLANG_WARN_OBJC_ROOT_CLASS = YES_ERROR;
				CLANG_WARN_RANGE_LOOP_ANALYSIS = YES;
				CLANG_WARN_STRICT_PROTOTYPES = YES;
				CLANG_WARN_SUSPICIOUS_MOVE = YES;
				CLANG_WARN_UNGUARDED_AVAILABILITY = YES_AGGRESSIVE;
				CLANG_WARN_UNREACHABLE_CODE = YES;
				CLANG_WARN__DUPLICATE_METHOD_MATCH = YES;
				CODE_SIGN_IDENTITY = "iPhone Developer";
				COPY_PHASE_STRIP = NO;
				DEBUG_INFORMATION_FORMAT = "dwarf-with-dsym";
				ENABLE_NS_ASSERTIONS = NO;
				ENABLE_STRICT_OBJC_MSGSEND = YES;
				GCC_C_LANGUAGE_STANDARD = gnu11;
				GCC_NO_COMMON_BLOCKS = YES;
				GCC_WARN_64_TO_32_BIT_CONVERSION = YES;
				GCC_WARN_ABOUT_RETURN_TYPE = YES_ERROR;
				GCC_WARN_UNDECLARED_SELECTOR = YES;
				GCC_WARN_UNINITIALIZED_AUTOS = YES_AGGRESSIVE;
				GCC_WARN_UNUSED_FUNCTION = YES;
				GCC_WARN_UNUSED_VARIABLE = YES;
				IPHONEOS_DEPLOYMENT_TARGET = 12.1;
				MTL_ENABLE_DEBUG_INFO = NO;
				MTL_FAST_MATH = YES;
				SDKROOT = iphoneos;
				SWIFT_COMPILATION_MODE = wholemodule;
				SWIFT_OPTIMIZATION_LEVEL = "-O";
				VALIDATE_PRODUCT = YES;
			};
			name = Release;
		};
		B72708A021DE9E3200515BE9 /* Debug */ = {
			isa = XCBuildConfiguration;
			buildSettings = {
				ASSETCATALOG_COMPILER_APPICON_NAME = AppIcon;
				CODE_SIGN_STYLE = Automatic;
				DEVELOPMENT_TEAM = GY526HBLU2;
				INFOPLIST_FILE = AutoLayoutCalc/Info.plist;
				LD_RUNPATH_SEARCH_PATHS = (
					"$(inherited)",
					"@executable_path/Frameworks",
				);
				PRODUCT_BUNDLE_IDENTIFIER = prashantrathod.AutoLayoutCalc;
				PRODUCT_NAME = "$(TARGET_NAME)";
				SWIFT_VERSION = 4.2;
				TARGETED_DEVICE_FAMILY = "1,2";
			};
			name = Debug;
		};
		B72708A121DE9E3200515BE9 /* Release */ = {
			isa = XCBuildConfiguration;
			buildSettings = {
				ASSETCATALOG_COMPILER_APPICON_NAME = AppIcon;
				CODE_SIGN_STYLE = Automatic;
				DEVELOPMENT_TEAM = GY526HBLU2;
				INFOPLIST_FILE = AutoLayoutCalc/Info.plist;
				LD_RUNPATH_SEARCH_PATHS = (
					"$(inherited)",
					"@executable_path/Frameworks",
				);
				PRODUCT_BUNDLE_IDENTIFIER = prashantrathod.AutoLayoutCalc;
				PRODUCT_NAME = "$(TARGET_NAME)";
				SWIFT_VERSION = 4.2;
				TARGETED_DEVICE_FAMILY = "1,2";
			};
			name = Release;
		};
		B72708A321DE9E3200515BE9 /* Debug */ = {
			isa = XCBuildConfiguration;
			buildSettings = {
				ALWAYS_EMBED_SWIFT_STANDARD_LIBRARIES = YES;
				BUNDLE_LOADER = "$(TEST_HOST)";
				CODE_SIGN_STYLE = Automatic;
				DEVELOPMENT_TEAM = GY526HBLU2;
				INFOPLIST_FILE = AutoLayoutCalcTests/Info.plist;
				LD_RUNPATH_SEARCH_PATHS = (
					"$(inherited)",
					"@executable_path/Frameworks",
					"@loader_path/Frameworks",
				);
				PRODUCT_BUNDLE_IDENTIFIER = prashantrathod.AutoLayoutCalcTests;
				PRODUCT_NAME = "$(TARGET_NAME)";
				SWIFT_VERSION = 4.2;
				TARGETED_DEVICE_FAMILY = "1,2";
				TEST_HOST = "$(BUILT_PRODUCTS_DIR)/AutoLayoutCalc.app/AutoLayoutCalc";
			};
			name = Debug;
		};
		B72708A421DE9E3200515BE9 /* Release */ = {
			isa = XCBuildConfiguration;
			buildSettings = {
				ALWAYS_EMBED_SWIFT_STANDARD_LIBRARIES = YES;
				BUNDLE_LOADER = "$(TEST_HOST)";
				CODE_SIGN_STYLE = Automatic;
				DEVELOPMENT_TEAM = GY526HBLU2;
				INFOPLIST_FILE = AutoLayoutCalcTests/Info.plist;
				LD_RUNPATH_SEARCH_PATHS = (
					"$(inherited)",
					"@executable_path/Frameworks",
					"@loader_path/Frameworks",
				);
				PRODUCT_BUNDLE_IDENTIFIER = prashantrathod.AutoLayoutCalcTests;
				PRODUCT_NAME = "$(TARGET_NAME)";
				SWIFT_VERSION = 4.2;
				TARGETED_DEVICE_FAMILY = "1,2";
				TEST_HOST = "$(BUILT_PRODUCTS_DIR)/AutoLayoutCalc.app/AutoLayoutCalc";
			};
			name = Release;
		};
		B72708A621DE9E3200515BE9 /* Debug */ = {
			isa = XCBuildConfiguration;
			buildSettings = {
				ALWAYS_EMBED_SWIFT_STANDARD_LIBRARIES = YES;
				CODE_SIGN_STYLE = Automatic;
				DEVELOPMENT_TEAM = GY526HBLU2;
				INFOPLIST_FILE = AutoLayoutCalcUITests/Info.plist;
				LD_RUNPATH_SEARCH_PATHS = (
					"$(inherited)",
					"@executable_path/Frameworks",
					"@loader_path/Frameworks",
				);
				PRODUCT_BUNDLE_IDENTIFIER = prashantrathod.AutoLayoutCalcUITests;
				PRODUCT_NAME = "$(TARGET_NAME)";
				SWIFT_VERSION = 4.2;
				TARGETED_DEVICE_FAMILY = "1,2";
				TEST_TARGET_NAME = AutoLayoutCalc;
			};
			name = Debug;
		};
		B72708A721DE9E3200515BE9 /* Release */ = {
			isa = XCBuildConfiguration;
			buildSettings = {
				ALWAYS_EMBED_SWIFT_STANDARD_LIBRARIES = YES;
				CODE_SIGN_STYLE = Automatic;
				DEVELOPMENT_TEAM = GY526HBLU2;
				INFOPLIST_FILE = AutoLayoutCalcUITests/Info.plist;
				LD_RUNPATH_SEARCH_PATHS = (
					"$(inherited)",
					"@executable_path/Frameworks",
					"@loader_path/Frameworks",
				);
				PRODUCT_BUNDLE_IDENTIFIER = prashantrathod.AutoLayoutCalcUITests;
				PRODUCT_NAME = "$(TARGET_NAME)";
				SWIFT_VERSION = 4.2;
				TARGETED_DEVICE_FAMILY = "1,2";
				TEST_TARGET_NAME = AutoLayoutCalc;
			};
			name = Release;
		};
/* End XCBuildConfiguration section */

/* Begin XCConfigurationList section */
		B727087221DE9E3000515BE9 /* Build configuration list for PBXProject "AutoLayoutCalc" */ = {
			isa = XCConfigurationList;
			buildConfigurations = (
				B727089D21DE9E3200515BE9 /* Debug */,
				B727089E21DE9E3200515BE9 /* Release */,
			);
			defaultConfigurationIsVisible = 0;
			defaultConfigurationName = Release;
		};
		B727089F21DE9E3200515BE9 /* Build configuration list for PBXNativeTarget "AutoLayoutCalc" */ = {
			isa = XCConfigurationList;
			buildConfigurations = (
				B72708A021DE9E3200515BE9 /* Debug */,
				B72708A121DE9E3200515BE9 /* Release */,
			);
			defaultConfigurationIsVisible = 0;
			defaultConfigurationName = Release;
		};
		B72708A221DE9E3200515BE9 /* Build configuration list for PBXNativeTarget "AutoLayoutCalcTests" */ = {
			isa = XCConfigurationList;
			buildConfigurations = (
				B72708A321DE9E3200515BE9 /* Debug */,
				B72708A421DE9E3200515BE9 /* Release */,
			);
			defaultConfigurationIsVisible = 0;
			defaultConfigurationName = Release;
		};
		B72708A521DE9E3200515BE9 /* Build configuration list for PBXNativeTarget "AutoLayoutCalcUITests" */ = {
			isa = XCConfigurationList;
			buildConfigurations = (
				B72708A621DE9E3200515BE9 /* Debug */,
				B72708A721DE9E3200515BE9 /* Release */,
			);
			defaultConfigurationIsVisible = 0;
			defaultConfigurationName = Release;
		};
/* End XCConfigurationList section */
	};
	rootObject = B727086F21DE9E3000515BE9 /* Project object */;
}
